
Microsoft Visual Studio Solution File, Format Version 12.00
# Visual Studio Version 17
VisualStudioVersion = 17.8.34511.84
MinimumVisualStudioVersion = 10.0.40219.1
Project("{9A19103F-16F7-4668-BE54-9A1E7A4F7556}") = "SpaceInvadersMVVM", "SpaceInvadersMVVM.csproj", "{133ED5CF-4384-4204-ADDD-21EF1FD1E9A5}"
EndProject
Global
	GlobalSection(SolutionConfigurationPlatforms) = preSolution
		Debug|Any CPU = Debug|Any CPU
		Release|Any CPU = Release|Any CPU
	EndGlobalSection
	GlobalSection(ProjectConfigurationPlatforms) = postSolution
		{133ED5CF-4384-4204-ADDD-21EF1FD1E9A5}.Debug|Any CPU.ActiveCfg = Debug|Any CPU
		{133ED5CF-4384-4204-ADDD-21EF1FD1E9A5}.Debug|Any CPU.Build.0 = Debug|Any CPU
		{133ED5CF-4384-4204-ADDD-21EF1FD1E9A5}.Release|Any CPU.ActiveCfg = Release|Any CPU
		{133ED5CF-4384-4204-ADDD-21EF1FD1E9A5}.Release|Any CPU.Build.0 = Release|Any CPU
	EndGlobalSection
	GlobalSection(SolutionProperties) = preSolution
		HideSolutionNode = FALSE
	EndGlobalSection
	GlobalSection(ExtensibilityGlobals) = postSolution
		SolutionGuid = {B8891C40-D083-4D3D-9B79-8144267717D8}
	EndGlobalSection
EndGlobal
